
Microsoft Visual Studio Solution File, Format Version 12.00
# Visual Studio Version 17
VisualStudioVersion = 17.2.32630.192
MinimumVisualStudioVersion = 10.0.40219.1
Project("{9A19103F-16F7-4668-BE54-9A1E7A4F7556}") = "R5T.T0198", "R5T.T0198\R5T.T0198.csproj", "{90695FD5-46E9-4104-AE86-57AF6B39A757}"
EndProject
Project("{2150E333-8FDC-42A3-9474-1A3956D46DE8}") = "_Dependencies", "_Dependencies", "{5308E67E-8DFB-4BBD-A0ED-D645925AE6BF}"
EndProject
Project("{9A19103F-16F7-4668-BE54-9A1E7A4F7556}") = "R5T.T0132", "..\..\R5T.T0132\source\R5T.T0132\R5T.T0132.csproj", "{405AC29C-6EAB-48F6-B6C8-5368014F9039}"
EndProject
Project("{9A19103F-16F7-4668-BE54-9A1E7A4F7556}") = "R5T.T0143", "..\..\R5T.T0143\source\R5T.T0143\R5T.T0143.csproj", "{B445A604-9C93-4BC5-B065-F6379FBF497C}"
EndProject
Project("{9A19103F-16F7-4668-BE54-9A1E7A4F7556}") = "R5T.T0178", "..\..\R5T.T0178\source\R5T.T0178\R5T.T0178.csproj", "{04936AA1-26E8-4710-9890-271437F65E57}"
EndProject
Project("{9A19103F-16F7-4668-BE54-9A1E7A4F7556}") = "R5T.T0179", "..\..\R5T.T0179\source\R5T.T0179\R5T.T0179.csproj", "{8EE770ED-EF89-4D98-A42F-88BF257DB2AE}"
EndProject
Project("{9A19103F-16F7-4668-BE54-9A1E7A4F7556}") = "R5T.F0000", "..\..\R5T.F0000\source\R5T.F0000\R5T.F0000.csproj", "{294A0D8D-5D2F-4300-B578-80FFACC830FB}"
EndProject
Project("{9A19103F-16F7-4668-BE54-9A1E7A4F7556}") = "R5T.F0002", "..\..\R5T.F0002\source\R5T.F0002\R5T.F0002.csproj", "{AD1F5F80-9169-48AB-9C90-F8DFC72D18A0}"
EndProject
Project("{9A19103F-16F7-4668-BE54-9A1E7A4F7556}") = "R5T.F0120", "..\..\R5T.F0120\source\R5T.F0120\R5T.F0120.csproj", "{268DEA40-E5C9-4DC1-8DA1-6EC678744889}"
EndProject
Project("{9A19103F-16F7-4668-BE54-9A1E7A4F7556}") = "R5T.F0124", "..\..\R5T.F0124\source\R5T.F0124\R5T.F0124.csproj", "{5EB13457-4148-4F16-86A7-E8C51276AFEA}"
EndProject
Project("{9A19103F-16F7-4668-BE54-9A1E7A4F7556}") = "R5T.NG0022", "..\..\R5T.NG0022\source\R5T.NG0022\R5T.NG0022.csproj", "{9CED9736-151F-400E-A74F-2CAD3ADDCB24}"
EndProject
Project("{9A19103F-16F7-4668-BE54-9A1E7A4F7556}") = "R5T.T0131", "..\..\R5T.T0131\source\R5T.T0131\R5T.T0131.csproj", "{8C33E0CC-E1AD-40A8-A8B1-64249FF11833}"
EndProject
Project("{9A19103F-16F7-4668-BE54-9A1E7A4F7556}") = "R5T.T0142", "..\..\R5T.T0142\source\R5T.T0142\R5T.T0142.csproj", "{E62F7B20-F124-410E-85AC-C30CE9407BE7}"
EndProject
Project("{9A19103F-16F7-4668-BE54-9A1E7A4F7556}") = "R5T.T0156", "..\..\R5T.T0156\source\R5T.T0156\R5T.T0156.csproj", "{3A7E6048-3368-411C-9EFE-6B749143D6D1}"
EndProject
Project("{9A19103F-16F7-4668-BE54-9A1E7A4F7556}") = "R5T.T0174", "..\..\R5T.T0174\source\R5T.T0174\R5T.T0174.csproj", "{483ADC71-132C-420B-B413-6C660DF872A5}"
EndProject
Project("{9A19103F-16F7-4668-BE54-9A1E7A4F7556}") = "R5T.T0176", "..\..\R5T.T0176\source\R5T.T0176\R5T.T0176.csproj", "{33B6BADB-1E09-4A7F-9822-AF8120648189}"
EndProject
Project("{9A19103F-16F7-4668-BE54-9A1E7A4F7556}") = "R5T.T0177", "..\..\R5T.T0177\source\R5T.T0177\R5T.T0177.csproj", "{50B16FEC-B5CB-44A3-B86D-4EA6023B0049}"
EndProject
Project("{9A19103F-16F7-4668-BE54-9A1E7A4F7556}") = "R5T.T0180", "..\..\R5T.T0180\source\R5T.T0180\R5T.T0180.csproj", "{A96363BA-E261-43BC-B3AC-24677DB3325E}"
EndProject
Project("{9A19103F-16F7-4668-BE54-9A1E7A4F7556}") = "R5T.T0181", "..\..\R5T.T0181\source\R5T.T0181\R5T.T0181.csproj", "{6E985F27-5531-4737-8527-6832597F9126}"
EndProject
Project("{9A19103F-16F7-4668-BE54-9A1E7A4F7556}") = "R5T.T0185", "..\..\R5T.T0185\source\R5T.T0185\R5T.T0185.csproj", "{29794F7F-B330-4042-9AF1-87966F8FB5A5}"
EndProject
Project("{9A19103F-16F7-4668-BE54-9A1E7A4F7556}") = "R5T.T0199", "..\..\R5T.T0199\source\R5T.T0199\R5T.T0199.csproj", "{A40A48FC-4724-45BE-83D9-C1231EC145ED}"
EndProject
Project("{9A19103F-16F7-4668-BE54-9A1E7A4F7556}") = "R5T.T0220", "..\..\R5T.T0220\source\R5T.T0220\R5T.T0220.csproj", "{E67C909F-06EC-48C0-B892-91B7C60B03DF}"
EndProject
Project("{9A19103F-16F7-4668-BE54-9A1E7A4F7556}") = "R5T.T0221", "..\..\R5T.T0221\source\R5T.T0221\R5T.T0221.csproj", "{2E8C933B-CD43-4D7D-8F9A-875F26C3FCD1}"
EndProject
Project("{9A19103F-16F7-4668-BE54-9A1E7A4F7556}") = "R5T.T0224", "..\..\R5T.T0224\source\R5T.T0224\R5T.T0224.csproj", "{752DD8EE-8527-41B3-9F01-56824B100439}"
EndProject
Project("{9A19103F-16F7-4668-BE54-9A1E7A4F7556}") = "R5T.Y0000", "..\..\R5T.Y0000\source\R5T.Y0000\R5T.Y0000.csproj", "{707A9474-1D19-4027-9303-6BCFA1457ABE}"
EndProject
Project("{9A19103F-16F7-4668-BE54-9A1E7A4F7556}") = "R5T.Z0000", "..\..\R5T.Z0000\source\R5T.Z0000\R5T.Z0000.csproj", "{C9AB1EF3-9657-4C74-85DC-9F7590D55675}"
EndProject
Global
	GlobalSection(NestedProjects) = preSolution
		{405AC29C-6EAB-48F6-B6C8-5368014F9039} = {5308E67E-8DFB-4BBD-A0ED-D645925AE6BF}
		{B445A604-9C93-4BC5-B065-F6379FBF497C} = {5308E67E-8DFB-4BBD-A0ED-D645925AE6BF}
		{04936AA1-26E8-4710-9890-271437F65E57} = {5308E67E-8DFB-4BBD-A0ED-D645925AE6BF}
		{8EE770ED-EF89-4D98-A42F-88BF257DB2AE} = {5308E67E-8DFB-4BBD-A0ED-D645925AE6BF}
		{294A0D8D-5D2F-4300-B578-80FFACC830FB} = {5308E67E-8DFB-4BBD-A0ED-D645925AE6BF}
		{AD1F5F80-9169-48AB-9C90-F8DFC72D18A0} = {5308E67E-8DFB-4BBD-A0ED-D645925AE6BF}
		{268DEA40-E5C9-4DC1-8DA1-6EC678744889} = {5308E67E-8DFB-4BBD-A0ED-D645925AE6BF}
		{5EB13457-4148-4F16-86A7-E8C51276AFEA} = {5308E67E-8DFB-4BBD-A0ED-D645925AE6BF}
		{9CED9736-151F-400E-A74F-2CAD3ADDCB24} = {5308E67E-8DFB-4BBD-A0ED-D645925AE6BF}
		{8C33E0CC-E1AD-40A8-A8B1-64249FF11833} = {5308E67E-8DFB-4BBD-A0ED-D645925AE6BF}
		{E62F7B20-F124-410E-85AC-C30CE9407BE7} = {5308E67E-8DFB-4BBD-A0ED-D645925AE6BF}
		{3A7E6048-3368-411C-9EFE-6B749143D6D1} = {5308E67E-8DFB-4BBD-A0ED-D645925AE6BF}
		{483ADC71-132C-420B-B413-6C660DF872A5} = {5308E67E-8DFB-4BBD-A0ED-D645925AE6BF}
		{33B6BADB-1E09-4A7F-9822-AF8120648189} = {5308E67E-8DFB-4BBD-A0ED-D645925AE6BF}
		{50B16FEC-B5CB-44A3-B86D-4EA6023B0049} = {5308E67E-8DFB-4BBD-A0ED-D645925AE6BF}
		{A96363BA-E261-43BC-B3AC-24677DB3325E} = {5308E67E-8DFB-4BBD-A0ED-D645925AE6BF}
		{6E985F27-5531-4737-8527-6832597F9126} = {5308E67E-8DFB-4BBD-A0ED-D645925AE6BF}
		{29794F7F-B330-4042-9AF1-87966F8FB5A5} = {5308E67E-8DFB-4BBD-A0ED-D645925AE6BF}
		{A40A48FC-4724-45BE-83D9-C1231EC145ED} = {5308E67E-8DFB-4BBD-A0ED-D645925AE6BF}
		{E67C909F-06EC-48C0-B892-91B7C60B03DF} = {5308E67E-8DFB-4BBD-A0ED-D645925AE6BF}
		{2E8C933B-CD43-4D7D-8F9A-875F26C3FCD1} = {5308E67E-8DFB-4BBD-A0ED-D645925AE6BF}
		{752DD8EE-8527-41B3-9F01-56824B100439} = {5308E67E-8DFB-4BBD-A0ED-D645925AE6BF}
		{707A9474-1D19-4027-9303-6BCFA1457ABE} = {5308E67E-8DFB-4BBD-A0ED-D645925AE6BF}
		{C9AB1EF3-9657-4C74-85DC-9F7590D55675} = {5308E67E-8DFB-4BBD-A0ED-D645925AE6BF}
	EndGlobalSection
	GlobalSection(SolutionConfigurationPlatforms) = preSolution
		Debug|Any CPU = Debug|Any CPU
		Release|Any CPU = Release|Any CPU
	EndGlobalSection
	GlobalSection(ProjectConfigurationPlatforms) = postSolution
		{90695FD5-46E9-4104-AE86-57AF6B39A757}.Debug|Any CPU.ActiveCfg = Debug|Any CPU
		{90695FD5-46E9-4104-AE86-57AF6B39A757}.Debug|Any CPU.Build.0 = Debug|Any CPU
		{90695FD5-46E9-4104-AE86-57AF6B39A757}.Release|Any CPU.ActiveCfg = Release|Any CPU
		{90695FD5-46E9-4104-AE86-57AF6B39A757}.Release|Any CPU.Build.0 = Release|Any CPU
		{405AC29C-6EAB-48F6-B6C8-5368014F9039}.Debug|Any CPU.ActiveCfg = Debug|Any CPU
		{405AC29C-6EAB-48F6-B6C8-5368014F9039}.Debug|Any CPU.Build.0 = Debug|Any CPU
		{405AC29C-6EAB-48F6-B6C8-5368014F9039}.Release|Any CPU.ActiveCfg = Release|Any CPU
		{405AC29C-6EAB-48F6-B6C8-5368014F9039}.Release|Any CPU.Build.0 = Release|Any CPU
		{B445A604-9C93-4BC5-B065-F6379FBF497C}.Debug|Any CPU.ActiveCfg = Debug|Any CPU
		{B445A604-9C93-4BC5-B065-F6379FBF497C}.Debug|Any CPU.Build.0 = Debug|Any CPU
		{B445A604-9C93-4BC5-B065-F6379FBF497C}.Release|Any CPU.ActiveCfg = Release|Any CPU
		{B445A604-9C93-4BC5-B065-F6379FBF497C}.Release|Any CPU.Build.0 = Release|Any CPU
		{04936AA1-26E8-4710-9890-271437F65E57}.Debug|Any CPU.ActiveCfg = Debug|Any CPU
		{04936AA1-26E8-4710-9890-271437F65E57}.Debug|Any CPU.Build.0 = Debug|Any CPU
		{04936AA1-26E8-4710-9890-271437F65E57}.Release|Any CPU.ActiveCfg = Release|Any CPU
		{04936AA1-26E8-4710-9890-271437F65E57}.Release|Any CPU.Build.0 = Release|Any CPU
		{8EE770ED-EF89-4D98-A42F-88BF257DB2AE}.Debug|Any CPU.ActiveCfg = Debug|Any CPU
		{8EE770ED-EF89-4D98-A42F-88BF257DB2AE}.Debug|Any CPU.Build.0 = Debug|Any CPU
		{8EE770ED-EF89-4D98-A42F-88BF257DB2AE}.Release|Any CPU.ActiveCfg = Release|Any CPU
		{8EE770ED-EF89-4D98-A42F-88BF257DB2AE}.Release|Any CPU.Build.0 = Release|Any CPU
		{294A0D8D-5D2F-4300-B578-80FFACC830FB}.Debug|Any CPU.ActiveCfg = Debug|Any CPU
		{294A0D8D-5D2F-4300-B578-80FFACC830FB}.Debug|Any CPU.Build.0 = Debug|Any CPU
		{294A0D8D-5D2F-4300-B578-80FFACC830FB}.Release|Any CPU.ActiveCfg = Release|Any CPU
		{294A0D8D-5D2F-4300-B578-80FFACC830FB}.Release|Any CPU.Build.0 = Release|Any CPU
		{AD1F5F80-9169-48AB-9C90-F8DFC72D18A0}.Debug|Any CPU.ActiveCfg = Debug|Any CPU
		{AD1F5F80-9169-48AB-9C90-F8DFC72D18A0}.Debug|Any CPU.Build.0 = Debug|Any CPU
		{AD1F5F80-9169-48AB-9C90-F8DFC72D18A0}.Release|Any CPU.ActiveCfg = Release|Any CPU
		{AD1F5F80-9169-48AB-9C90-F8DFC72D18A0}.Release|Any CPU.Build.0 = Release|Any CPU
		{268DEA40-E5C9-4DC1-8DA1-6EC678744889}.Debug|Any CPU.ActiveCfg = Debug|Any CPU
		{268DEA40-E5C9-4DC1-8DA1-6EC678744889}.Debug|Any CPU.Build.0 = Debug|Any CPU
		{268DEA40-E5C9-4DC1-8DA1-6EC678744889}.Release|Any CPU.ActiveCfg = Release|Any CPU
		{268DEA40-E5C9-4DC1-8DA1-6EC678744889}.Release|Any CPU.Build.0 = Release|Any CPU
		{5EB13457-4148-4F16-86A7-E8C51276AFEA}.Debug|Any CPU.ActiveCfg = Debug|Any CPU
		{5EB13457-4148-4F16-86A7-E8C51276AFEA}.Debug|Any CPU.Build.0 = Debug|Any CPU
		{5EB13457-4148-4F16-86A7-E8C51276AFEA}.Release|Any CPU.ActiveCfg = Release|Any CPU
		{5EB13457-4148-4F16-86A7-E8C51276AFEA}.Release|Any CPU.Build.0 = Release|Any CPU
		{9CED9736-151F-400E-A74F-2CAD3ADDCB24}.Debug|Any CPU.ActiveCfg = Debug|Any CPU
		{9CED9736-151F-400E-A74F-2CAD3ADDCB24}.Debug|Any CPU.Build.0 = Debug|Any CPU
		{9CED9736-151F-400E-A74F-2CAD3ADDCB24}.Release|Any CPU.ActiveCfg = Release|Any CPU
		{9CED9736-151F-400E-A74F-2CAD3ADDCB24}.Release|Any CPU.Build.0 = Release|Any CPU
		{8C33E0CC-E1AD-40A8-A8B1-64249FF11833}.Debug|Any CPU.ActiveCfg = Debug|Any CPU
		{8C33E0CC-E1AD-40A8-A8B1-64249FF11833}.Debug|Any CPU.Build.0 = Debug|Any CPU
		{8C33E0CC-E1AD-40A8-A8B1-64249FF11833}.Release|Any CPU.ActiveCfg = Release|Any CPU
		{8C33E0CC-E1AD-40A8-A8B1-64249FF11833}.Release|Any CPU.Build.0 = Release|Any CPU
		{E62F7B20-F124-410E-85AC-C30CE9407BE7}.Debug|Any CPU.ActiveCfg = Debug|Any CPU
		{E62F7B20-F124-410E-85AC-C30CE9407BE7}.Debug|Any CPU.Build.0 = Debug|Any CPU
		{E62F7B20-F124-410E-85AC-C30CE9407BE7}.Release|Any CPU.ActiveCfg = Release|Any CPU
		{E62F7B20-F124-410E-85AC-C30CE9407BE7}.Release|Any CPU.Build.0 = Release|Any CPU
		{3A7E6048-3368-411C-9EFE-6B749143D6D1}.Debug|Any CPU.ActiveCfg = Debug|Any CPU
		{3A7E6048-3368-411C-9EFE-6B749143D6D1}.Debug|Any CPU.Build.0 = Debug|Any CPU
		{3A7E6048-3368-411C-9EFE-6B749143D6D1}.Release|Any CPU.ActiveCfg = Release|Any CPU
		{3A7E6048-3368-411C-9EFE-6B749143D6D1}.Release|Any CPU.Build.0 = Release|Any CPU
		{483ADC71-132C-420B-B413-6C660DF872A5}.Debug|Any CPU.ActiveCfg = Debug|Any CPU
		{483ADC71-132C-420B-B413-6C660DF872A5}.Debug|Any CPU.Build.0 = Debug|Any CPU
		{483ADC71-132C-420B-B413-6C660DF872A5}.Release|Any CPU.ActiveCfg = Release|Any CPU
		{483ADC71-132C-420B-B413-6C660DF872A5}.Release|Any CPU.Build.0 = Release|Any CPU
		{33B6BADB-1E09-4A7F-9822-AF8120648189}.Debug|Any CPU.ActiveCfg = Debug|Any CPU
		{33B6BADB-1E09-4A7F-9822-AF8120648189}.Debug|Any CPU.Build.0 = Debug|Any CPU
		{33B6BADB-1E09-4A7F-9822-AF8120648189}.Release|Any CPU.ActiveCfg = Release|Any CPU
		{33B6BADB-1E09-4A7F-9822-AF8120648189}.Release|Any CPU.Build.0 = Release|Any CPU
		{50B16FEC-B5CB-44A3-B86D-4EA6023B0049}.Debug|Any CPU.ActiveCfg = Debug|Any CPU
		{50B16FEC-B5CB-44A3-B86D-4EA6023B0049}.Debug|Any CPU.Build.0 = Debug|Any CPU
		{50B16FEC-B5CB-44A3-B86D-4EA6023B0049}.Release|Any CPU.ActiveCfg = Release|Any CPU
		{50B16FEC-B5CB-44A3-B86D-4EA6023B0049}.Release|Any CPU.Build.0 = Release|Any CPU
		{A96363BA-E261-43BC-B3AC-24677DB3325E}.Debug|Any CPU.ActiveCfg = Debug|Any CPU
		{A96363BA-E261-43BC-B3AC-24677DB3325E}.Debug|Any CPU.Build.0 = Debug|Any CPU
		{A96363BA-E261-43BC-B3AC-24677DB3325E}.Release|Any CPU.ActiveCfg = Release|Any CPU
		{A96363BA-E261-43BC-B3AC-24677DB3325E}.Release|Any CPU.Build.0 = Release|Any CPU
		{6E985F27-5531-4737-8527-6832597F9126}.Debug|Any CPU.ActiveCfg = Debug|Any CPU
		{6E985F27-5531-4737-8527-6832597F9126}.Debug|Any CPU.Build.0 = Debug|Any CPU
		{6E985F27-5531-4737-8527-6832597F9126}.Release|Any CPU.ActiveCfg = Release|Any CPU
		{6E985F27-5531-4737-8527-6832597F9126}.Release|Any CPU.Build.0 = Release|Any CPU
		{29794F7F-B330-4042-9AF1-87966F8FB5A5}.Debug|Any CPU.ActiveCfg = Debug|Any CPU
		{29794F7F-B330-4042-9AF1-87966F8FB5A5}.Debug|Any CPU.Build.0 = Debug|Any CPU
		{29794F7F-B330-4042-9AF1-87966F8FB5A5}.Release|Any CPU.ActiveCfg = Release|Any CPU
		{29794F7F-B330-4042-9AF1-87966F8FB5A5}.Release|Any CPU.Build.0 = Release|Any CPU
		{A40A48FC-4724-45BE-83D9-C1231EC145ED}.Debug|Any CPU.ActiveCfg = Debug|Any CPU
		{A40A48FC-4724-45BE-83D9-C1231EC145ED}.Debug|Any CPU.Build.0 = Debug|Any CPU
		{A40A48FC-4724-45BE-83D9-C1231EC145ED}.Release|Any CPU.ActiveCfg = Release|Any CPU
		{A40A48FC-4724-45BE-83D9-C1231EC145ED}.Release|Any CPU.Build.0 = Release|Any CPU
		{E67C909F-06EC-48C0-B892-91B7C60B03DF}.Debug|Any CPU.ActiveCfg = Debug|Any CPU
		{E67C909F-06EC-48C0-B892-91B7C60B03DF}.Debug|Any CPU.Build.0 = Debug|Any CPU
		{E67C909F-06EC-48C0-B892-91B7C60B03DF}.Release|Any CPU.ActiveCfg = Release|Any CPU
		{E67C909F-06EC-48C0-B892-91B7C60B03DF}.Release|Any CPU.Build.0 = Release|Any CPU
		{2E8C933B-CD43-4D7D-8F9A-875F26C3FCD1}.Debug|Any CPU.ActiveCfg = Debug|Any CPU
		{2E8C933B-CD43-4D7D-8F9A-875F26C3FCD1}.Debug|Any CPU.Build.0 = Debug|Any CPU
		{2E8C933B-CD43-4D7D-8F9A-875F26C3FCD1}.Release|Any CPU.ActiveCfg = Release|Any CPU
		{2E8C933B-CD43-4D7D-8F9A-875F26C3FCD1}.Release|Any CPU.Build.0 = Release|Any CPU
		{752DD8EE-8527-41B3-9F01-56824B100439}.Debug|Any CPU.ActiveCfg = Debug|Any CPU
		{752DD8EE-8527-41B3-9F01-56824B100439}.Debug|Any CPU.Build.0 = Debug|Any CPU
		{752DD8EE-8527-41B3-9F01-56824B100439}.Release|Any CPU.ActiveCfg = Release|Any CPU
		{752DD8EE-8527-41B3-9F01-56824B100439}.Release|Any CPU.Build.0 = Release|Any CPU
		{707A9474-1D19-4027-9303-6BCFA1457ABE}.Debug|Any CPU.ActiveCfg = Debug|Any CPU
		{707A9474-1D19-4027-9303-6BCFA1457ABE}.Debug|Any CPU.Build.0 = Debug|Any CPU
		{707A9474-1D19-4027-9303-6BCFA1457ABE}.Release|Any CPU.ActiveCfg = Release|Any CPU
		{707A9474-1D19-4027-9303-6BCFA1457ABE}.Release|Any CPU.Build.0 = Release|Any CPU
		{C9AB1EF3-9657-4C74-85DC-9F7590D55675}.Debug|Any CPU.ActiveCfg = Debug|Any CPU
		{C9AB1EF3-9657-4C74-85DC-9F7590D55675}.Debug|Any CPU.Build.0 = Debug|Any CPU
		{C9AB1EF3-9657-4C74-85DC-9F7590D55675}.Release|Any CPU.ActiveCfg = Release|Any CPU
		{C9AB1EF3-9657-4C74-85DC-9F7590D55675}.Release|Any CPU.Build.0 = Release|Any CPU
	EndGlobalSection
	GlobalSection(SolutionProperties) = preSolution
		HideSolutionNode = FALSE
	EndGlobalSection
	GlobalSection(ExtensibilityGlobals) = postSolution
		SolutionGuid = {492466C7-36FE-41DF-AEA0-A767934C87CF}
	EndGlobalSection
EndGlobal
