
Microsoft Visual Studio Solution File, Format Version 12.00
# Visual Studio Version 17
VisualStudioVersion = 17.2.32630.192
MinimumVisualStudioVersion = 10.0.40219.1
Project("{9A19103F-16F7-4668-BE54-9A1E7A4F7556}") = "R5T.T0198.Construction", "R5T.T0198.Construction\R5T.T0198.Construction.csproj", "{2D482573-DB93-4217-AAB8-7241306FBEF9}"
EndProject
Project("{9A19103F-16F7-4668-BE54-9A1E7A4F7556}") = "R5T.T0198", "R5T.T0198\R5T.T0198.csproj", "{B9CF8BCD-DE2F-4E35-88F4-4EBF1FBF862A}"
EndProject
Project("{2150E333-8FDC-42A3-9474-1A3956D46DE8}") = "_Dependencies", "_Dependencies", "{BE7FAA8A-714D-4B4D-8CAF-6AF99ADB6FC4}"
EndProject
Project("{9A19103F-16F7-4668-BE54-9A1E7A4F7556}") = "R5T.T0132", "..\..\R5T.T0132\source\R5T.T0132\R5T.T0132.csproj", "{6082ABCF-3339-450A-9963-0F691BD23307}"
EndProject
Project("{9A19103F-16F7-4668-BE54-9A1E7A4F7556}") = "R5T.T0143", "..\..\R5T.T0143\source\R5T.T0143\R5T.T0143.csproj", "{6AE80D63-F7A3-4C7B-9D74-0224960D115D}"
EndProject
Project("{9A19103F-16F7-4668-BE54-9A1E7A4F7556}") = "R5T.T0178", "..\..\R5T.T0178\source\R5T.T0178\R5T.T0178.csproj", "{920FE236-9787-4B6A-A469-9DD129C01C1F}"
EndProject
Project("{9A19103F-16F7-4668-BE54-9A1E7A4F7556}") = "R5T.T0179", "..\..\R5T.T0179\source\R5T.T0179\R5T.T0179.csproj", "{E80AD679-5676-4022-A5D1-35765F1C24DB}"
EndProject
Global
	GlobalSection(NestedProjects) = preSolution
		{6082ABCF-3339-450A-9963-0F691BD23307} = {BE7FAA8A-714D-4B4D-8CAF-6AF99ADB6FC4}
		{6AE80D63-F7A3-4C7B-9D74-0224960D115D} = {BE7FAA8A-714D-4B4D-8CAF-6AF99ADB6FC4}
		{920FE236-9787-4B6A-A469-9DD129C01C1F} = {BE7FAA8A-714D-4B4D-8CAF-6AF99ADB6FC4}
		{E80AD679-5676-4022-A5D1-35765F1C24DB} = {BE7FAA8A-714D-4B4D-8CAF-6AF99ADB6FC4}
	EndGlobalSection
	GlobalSection(SolutionConfigurationPlatforms) = preSolution
		Debug|Any CPU = Debug|Any CPU
		Release|Any CPU = Release|Any CPU
	EndGlobalSection
	GlobalSection(ProjectConfigurationPlatforms) = postSolution
		{2D482573-DB93-4217-AAB8-7241306FBEF9}.Debug|Any CPU.ActiveCfg = Debug|Any CPU
		{2D482573-DB93-4217-AAB8-7241306FBEF9}.Debug|Any CPU.Build.0 = Debug|Any CPU
		{2D482573-DB93-4217-AAB8-7241306FBEF9}.Release|Any CPU.ActiveCfg = Release|Any CPU
		{2D482573-DB93-4217-AAB8-7241306FBEF9}.Release|Any CPU.Build.0 = Release|Any CPU
		{B9CF8BCD-DE2F-4E35-88F4-4EBF1FBF862A}.Debug|Any CPU.ActiveCfg = Debug|Any CPU
		{B9CF8BCD-DE2F-4E35-88F4-4EBF1FBF862A}.Debug|Any CPU.Build.0 = Debug|Any CPU
		{B9CF8BCD-DE2F-4E35-88F4-4EBF1FBF862A}.Release|Any CPU.ActiveCfg = Release|Any CPU
		{B9CF8BCD-DE2F-4E35-88F4-4EBF1FBF862A}.Release|Any CPU.Build.0 = Release|Any CPU
		{6082ABCF-3339-450A-9963-0F691BD23307}.Debug|Any CPU.ActiveCfg = Debug|Any CPU
		{6082ABCF-3339-450A-9963-0F691BD23307}.Debug|Any CPU.Build.0 = Debug|Any CPU
		{6082ABCF-3339-450A-9963-0F691BD23307}.Release|Any CPU.ActiveCfg = Release|Any CPU
		{6082ABCF-3339-450A-9963-0F691BD23307}.Release|Any CPU.Build.0 = Release|Any CPU
		{6AE80D63-F7A3-4C7B-9D74-0224960D115D}.Debug|Any CPU.ActiveCfg = Debug|Any CPU
		{6AE80D63-F7A3-4C7B-9D74-0224960D115D}.Debug|Any CPU.Build.0 = Debug|Any CPU
		{6AE80D63-F7A3-4C7B-9D74-0224960D115D}.Release|Any CPU.ActiveCfg = Release|Any CPU
		{6AE80D63-F7A3-4C7B-9D74-0224960D115D}.Release|Any CPU.Build.0 = Release|Any CPU
		{920FE236-9787-4B6A-A469-9DD129C01C1F}.Debug|Any CPU.ActiveCfg = Debug|Any CPU
		{920FE236-9787-4B6A-A469-9DD129C01C1F}.Debug|Any CPU.Build.0 = Debug|Any CPU
		{920FE236-9787-4B6A-A469-9DD129C01C1F}.Release|Any CPU.ActiveCfg = Release|Any CPU
		{920FE236-9787-4B6A-A469-9DD129C01C1F}.Release|Any CPU.Build.0 = Release|Any CPU
		{E80AD679-5676-4022-A5D1-35765F1C24DB}.Debug|Any CPU.ActiveCfg = Debug|Any CPU
		{E80AD679-5676-4022-A5D1-35765F1C24DB}.Debug|Any CPU.Build.0 = Debug|Any CPU
		{E80AD679-5676-4022-A5D1-35765F1C24DB}.Release|Any CPU.ActiveCfg = Release|Any CPU
		{E80AD679-5676-4022-A5D1-35765F1C24DB}.Release|Any CPU.Build.0 = Release|Any CPU
	EndGlobalSection
	GlobalSection(SolutionProperties) = preSolution
		HideSolutionNode = FALSE
	EndGlobalSection
	GlobalSection(ExtensibilityGlobals) = postSolution
		SolutionGuid = {3D9892D5-15EB-4B22-AE89-96C4B5729A69}
	EndGlobalSection
EndGlobal
