
Microsoft Visual Studio Solution File, Format Version 12.00
# Visual Studio Version 17
VisualStudioVersion = 17.2.32630.192
MinimumVisualStudioVersion = 10.0.40219.1
Project("{9A19103F-16F7-4668-BE54-9A1E7A4F7556}") = "R5T.T0198", "R5T.T0198\R5T.T0198.csproj", "{90695FD5-46E9-4104-AE86-57AF6B39A757}"
EndProject
Project("{2150E333-8FDC-42A3-9474-1A3956D46DE8}") = "_Dependencies", "_Dependencies", "{5308E67E-8DFB-4BBD-A0ED-D645925AE6BF}"
EndProject
Project("{9A19103F-16F7-4668-BE54-9A1E7A4F7556}") = "R5T.T0132", "..\..\R5T.T0132\source\R5T.T0132\R5T.T0132.csproj", "{405AC29C-6EAB-48F6-B6C8-5368014F9039}"
EndProject
Project("{9A19103F-16F7-4668-BE54-9A1E7A4F7556}") = "R5T.T0143", "..\..\R5T.T0143\source\R5T.T0143\R5T.T0143.csproj", "{B445A604-9C93-4BC5-B065-F6379FBF497C}"
EndProject
Project("{9A19103F-16F7-4668-BE54-9A1E7A4F7556}") = "R5T.T0178", "..\..\R5T.T0178\source\R5T.T0178\R5T.T0178.csproj", "{04936AA1-26E8-4710-9890-271437F65E57}"
EndProject
Project("{9A19103F-16F7-4668-BE54-9A1E7A4F7556}") = "R5T.T0179", "..\..\R5T.T0179\source\R5T.T0179\R5T.T0179.csproj", "{8EE770ED-EF89-4D98-A42F-88BF257DB2AE}"
EndProject
Global
	GlobalSection(NestedProjects) = preSolution
		{405AC29C-6EAB-48F6-B6C8-5368014F9039} = {5308E67E-8DFB-4BBD-A0ED-D645925AE6BF}
		{B445A604-9C93-4BC5-B065-F6379FBF497C} = {5308E67E-8DFB-4BBD-A0ED-D645925AE6BF}
		{04936AA1-26E8-4710-9890-271437F65E57} = {5308E67E-8DFB-4BBD-A0ED-D645925AE6BF}
		{8EE770ED-EF89-4D98-A42F-88BF257DB2AE} = {5308E67E-8DFB-4BBD-A0ED-D645925AE6BF}
	EndGlobalSection
	GlobalSection(SolutionConfigurationPlatforms) = preSolution
		Debug|Any CPU = Debug|Any CPU
		Release|Any CPU = Release|Any CPU
	EndGlobalSection
	GlobalSection(ProjectConfigurationPlatforms) = postSolution
		{90695FD5-46E9-4104-AE86-57AF6B39A757}.Debug|Any CPU.ActiveCfg = Debug|Any CPU
		{90695FD5-46E9-4104-AE86-57AF6B39A757}.Debug|Any CPU.Build.0 = Debug|Any CPU
		{90695FD5-46E9-4104-AE86-57AF6B39A757}.Release|Any CPU.ActiveCfg = Release|Any CPU
		{90695FD5-46E9-4104-AE86-57AF6B39A757}.Release|Any CPU.Build.0 = Release|Any CPU
		{405AC29C-6EAB-48F6-B6C8-5368014F9039}.Debug|Any CPU.ActiveCfg = Debug|Any CPU
		{405AC29C-6EAB-48F6-B6C8-5368014F9039}.Debug|Any CPU.Build.0 = Debug|Any CPU
		{405AC29C-6EAB-48F6-B6C8-5368014F9039}.Release|Any CPU.ActiveCfg = Release|Any CPU
		{405AC29C-6EAB-48F6-B6C8-5368014F9039}.Release|Any CPU.Build.0 = Release|Any CPU
		{B445A604-9C93-4BC5-B065-F6379FBF497C}.Debug|Any CPU.ActiveCfg = Debug|Any CPU
		{B445A604-9C93-4BC5-B065-F6379FBF497C}.Debug|Any CPU.Build.0 = Debug|Any CPU
		{B445A604-9C93-4BC5-B065-F6379FBF497C}.Release|Any CPU.ActiveCfg = Release|Any CPU
		{B445A604-9C93-4BC5-B065-F6379FBF497C}.Release|Any CPU.Build.0 = Release|Any CPU
		{04936AA1-26E8-4710-9890-271437F65E57}.Debug|Any CPU.ActiveCfg = Debug|Any CPU
		{04936AA1-26E8-4710-9890-271437F65E57}.Debug|Any CPU.Build.0 = Debug|Any CPU
		{04936AA1-26E8-4710-9890-271437F65E57}.Release|Any CPU.ActiveCfg = Release|Any CPU
		{04936AA1-26E8-4710-9890-271437F65E57}.Release|Any CPU.Build.0 = Release|Any CPU
		{8EE770ED-EF89-4D98-A42F-88BF257DB2AE}.Debug|Any CPU.ActiveCfg = Debug|Any CPU
		{8EE770ED-EF89-4D98-A42F-88BF257DB2AE}.Debug|Any CPU.Build.0 = Debug|Any CPU
		{8EE770ED-EF89-4D98-A42F-88BF257DB2AE}.Release|Any CPU.ActiveCfg = Release|Any CPU
		{8EE770ED-EF89-4D98-A42F-88BF257DB2AE}.Release|Any CPU.Build.0 = Release|Any CPU
	EndGlobalSection
	GlobalSection(SolutionProperties) = preSolution
		HideSolutionNode = FALSE
	EndGlobalSection
	GlobalSection(ExtensibilityGlobals) = postSolution
		SolutionGuid = {492466C7-36FE-41DF-AEA0-A767934C87CF}
	EndGlobalSection
EndGlobal
