
Microsoft Visual Studio Solution File, Format Version 12.00
# Visual Studio Version 17
VisualStudioVersion = 17.2.32630.192
MinimumVisualStudioVersion = 10.0.40219.1
Project("{9A19103F-16F7-4668-BE54-9A1E7A4F7556}") = "R5T.T0198.Construction", "R5T.T0198.Construction\R5T.T0198.Construction.csproj", "{2D482573-DB93-4217-AAB8-7241306FBEF9}"
EndProject
Project("{9A19103F-16F7-4668-BE54-9A1E7A4F7556}") = "R5T.T0198", "R5T.T0198\R5T.T0198.csproj", "{B9CF8BCD-DE2F-4E35-88F4-4EBF1FBF862A}"
EndProject
Project("{2150E333-8FDC-42A3-9474-1A3956D46DE8}") = "_Dependencies", "_Dependencies", "{BE7FAA8A-714D-4B4D-8CAF-6AF99ADB6FC4}"
EndProject
Project("{9A19103F-16F7-4668-BE54-9A1E7A4F7556}") = "R5T.T0132", "..\..\R5T.T0132\source\R5T.T0132\R5T.T0132.csproj", "{6082ABCF-3339-450A-9963-0F691BD23307}"
EndProject
Project("{9A19103F-16F7-4668-BE54-9A1E7A4F7556}") = "R5T.T0143", "..\..\R5T.T0143\source\R5T.T0143\R5T.T0143.csproj", "{6AE80D63-F7A3-4C7B-9D74-0224960D115D}"
EndProject
Project("{9A19103F-16F7-4668-BE54-9A1E7A4F7556}") = "R5T.T0178", "..\..\R5T.T0178\source\R5T.T0178\R5T.T0178.csproj", "{920FE236-9787-4B6A-A469-9DD129C01C1F}"
EndProject
Project("{9A19103F-16F7-4668-BE54-9A1E7A4F7556}") = "R5T.T0179", "..\..\R5T.T0179\source\R5T.T0179\R5T.T0179.csproj", "{E80AD679-5676-4022-A5D1-35765F1C24DB}"
EndProject
Project("{9A19103F-16F7-4668-BE54-9A1E7A4F7556}") = "R5T.F0000", "..\..\R5T.F0000\source\R5T.F0000\R5T.F0000.csproj", "{5369EBD7-58B6-434D-9140-5D9231E0E822}"
EndProject
Project("{9A19103F-16F7-4668-BE54-9A1E7A4F7556}") = "R5T.F0002", "..\..\R5T.F0002\source\R5T.F0002\R5T.F0002.csproj", "{6D2122FA-D533-4482-892F-F5D2F2DCB878}"
EndProject
Project("{9A19103F-16F7-4668-BE54-9A1E7A4F7556}") = "R5T.F0120", "..\..\R5T.F0120\source\R5T.F0120\R5T.F0120.csproj", "{720E775D-B62A-41DF-B174-9F68462B482A}"
EndProject
Project("{9A19103F-16F7-4668-BE54-9A1E7A4F7556}") = "R5T.F0124", "..\..\R5T.F0124\source\R5T.F0124\R5T.F0124.csproj", "{84F4C6CD-1716-43C7-9146-CB24F6898207}"
EndProject
Project("{9A19103F-16F7-4668-BE54-9A1E7A4F7556}") = "R5T.NG0022", "..\..\R5T.NG0022\source\R5T.NG0022\R5T.NG0022.csproj", "{D7F289D1-94A8-4C76-92EC-773F8856D985}"
EndProject
Project("{9A19103F-16F7-4668-BE54-9A1E7A4F7556}") = "R5T.T0131", "..\..\R5T.T0131\source\R5T.T0131\R5T.T0131.csproj", "{9859B453-9FC4-4903-B354-37CD91F4A04B}"
EndProject
Project("{9A19103F-16F7-4668-BE54-9A1E7A4F7556}") = "R5T.T0142", "..\..\R5T.T0142\source\R5T.T0142\R5T.T0142.csproj", "{675D99DD-69C6-493F-9C46-BB2B64EF4809}"
EndProject
Project("{9A19103F-16F7-4668-BE54-9A1E7A4F7556}") = "R5T.T0156", "..\..\R5T.T0156\source\R5T.T0156\R5T.T0156.csproj", "{32CDEFA8-1D1A-4726-9F8D-A358F488DB02}"
EndProject
Project("{9A19103F-16F7-4668-BE54-9A1E7A4F7556}") = "R5T.T0174", "..\..\R5T.T0174\source\R5T.T0174\R5T.T0174.csproj", "{930B71F9-3DE1-489E-BCEC-A4FB0D5684F0}"
EndProject
Project("{9A19103F-16F7-4668-BE54-9A1E7A4F7556}") = "R5T.T0176", "..\..\R5T.T0176\source\R5T.T0176\R5T.T0176.csproj", "{8E1C53D9-9FF6-42EE-B7E3-01F432734B81}"
EndProject
Project("{9A19103F-16F7-4668-BE54-9A1E7A4F7556}") = "R5T.T0177", "..\..\R5T.T0177\source\R5T.T0177\R5T.T0177.csproj", "{909E5D9D-B9B7-4112-957B-EBCBA3675343}"
EndProject
Project("{9A19103F-16F7-4668-BE54-9A1E7A4F7556}") = "R5T.T0180", "..\..\R5T.T0180\source\R5T.T0180\R5T.T0180.csproj", "{E78A2403-74A1-41D5-BF55-A4774F4DEF67}"
EndProject
Project("{9A19103F-16F7-4668-BE54-9A1E7A4F7556}") = "R5T.T0181", "..\..\R5T.T0181\source\R5T.T0181\R5T.T0181.csproj", "{9E64EB90-043D-4523-B132-E83038AD60EF}"
EndProject
Project("{9A19103F-16F7-4668-BE54-9A1E7A4F7556}") = "R5T.T0185", "..\..\R5T.T0185\source\R5T.T0185\R5T.T0185.csproj", "{29970682-E69D-4A30-8F0C-747516177585}"
EndProject
Project("{9A19103F-16F7-4668-BE54-9A1E7A4F7556}") = "R5T.T0199", "..\..\R5T.T0199\source\R5T.T0199\R5T.T0199.csproj", "{C16B94B6-0934-4D65-AF1C-7689B64B691F}"
EndProject
Project("{9A19103F-16F7-4668-BE54-9A1E7A4F7556}") = "R5T.T0220", "..\..\R5T.T0220\source\R5T.T0220\R5T.T0220.csproj", "{1C2E2E57-A72B-4739-AA0A-295A4B4427FD}"
EndProject
Project("{9A19103F-16F7-4668-BE54-9A1E7A4F7556}") = "R5T.T0221", "..\..\R5T.T0221\source\R5T.T0221\R5T.T0221.csproj", "{8C656BAF-AD10-4F72-B997-1E0542DC59D2}"
EndProject
Project("{9A19103F-16F7-4668-BE54-9A1E7A4F7556}") = "R5T.T0224", "..\..\R5T.T0224\source\R5T.T0224\R5T.T0224.csproj", "{A31C7A83-3ABE-4802-A9AE-90A3261FE3A8}"
EndProject
Project("{9A19103F-16F7-4668-BE54-9A1E7A4F7556}") = "R5T.Y0000", "..\..\R5T.Y0000\source\R5T.Y0000\R5T.Y0000.csproj", "{A534E210-46D3-478F-8316-82C9019FEEE1}"
EndProject
Project("{9A19103F-16F7-4668-BE54-9A1E7A4F7556}") = "R5T.Z0000", "..\..\R5T.Z0000\source\R5T.Z0000\R5T.Z0000.csproj", "{2945B43A-7FD6-4BA4-8131-B572AAAA16E1}"
EndProject
Global
	GlobalSection(NestedProjects) = preSolution
		{6082ABCF-3339-450A-9963-0F691BD23307} = {BE7FAA8A-714D-4B4D-8CAF-6AF99ADB6FC4}
		{6AE80D63-F7A3-4C7B-9D74-0224960D115D} = {BE7FAA8A-714D-4B4D-8CAF-6AF99ADB6FC4}
		{920FE236-9787-4B6A-A469-9DD129C01C1F} = {BE7FAA8A-714D-4B4D-8CAF-6AF99ADB6FC4}
		{E80AD679-5676-4022-A5D1-35765F1C24DB} = {BE7FAA8A-714D-4B4D-8CAF-6AF99ADB6FC4}
		{5369EBD7-58B6-434D-9140-5D9231E0E822} = {BE7FAA8A-714D-4B4D-8CAF-6AF99ADB6FC4}
		{6D2122FA-D533-4482-892F-F5D2F2DCB878} = {BE7FAA8A-714D-4B4D-8CAF-6AF99ADB6FC4}
		{720E775D-B62A-41DF-B174-9F68462B482A} = {BE7FAA8A-714D-4B4D-8CAF-6AF99ADB6FC4}
		{84F4C6CD-1716-43C7-9146-CB24F6898207} = {BE7FAA8A-714D-4B4D-8CAF-6AF99ADB6FC4}
		{D7F289D1-94A8-4C76-92EC-773F8856D985} = {BE7FAA8A-714D-4B4D-8CAF-6AF99ADB6FC4}
		{9859B453-9FC4-4903-B354-37CD91F4A04B} = {BE7FAA8A-714D-4B4D-8CAF-6AF99ADB6FC4}
		{675D99DD-69C6-493F-9C46-BB2B64EF4809} = {BE7FAA8A-714D-4B4D-8CAF-6AF99ADB6FC4}
		{32CDEFA8-1D1A-4726-9F8D-A358F488DB02} = {BE7FAA8A-714D-4B4D-8CAF-6AF99ADB6FC4}
		{930B71F9-3DE1-489E-BCEC-A4FB0D5684F0} = {BE7FAA8A-714D-4B4D-8CAF-6AF99ADB6FC4}
		{8E1C53D9-9FF6-42EE-B7E3-01F432734B81} = {BE7FAA8A-714D-4B4D-8CAF-6AF99ADB6FC4}
		{909E5D9D-B9B7-4112-957B-EBCBA3675343} = {BE7FAA8A-714D-4B4D-8CAF-6AF99ADB6FC4}
		{E78A2403-74A1-41D5-BF55-A4774F4DEF67} = {BE7FAA8A-714D-4B4D-8CAF-6AF99ADB6FC4}
		{9E64EB90-043D-4523-B132-E83038AD60EF} = {BE7FAA8A-714D-4B4D-8CAF-6AF99ADB6FC4}
		{29970682-E69D-4A30-8F0C-747516177585} = {BE7FAA8A-714D-4B4D-8CAF-6AF99ADB6FC4}
		{C16B94B6-0934-4D65-AF1C-7689B64B691F} = {BE7FAA8A-714D-4B4D-8CAF-6AF99ADB6FC4}
		{1C2E2E57-A72B-4739-AA0A-295A4B4427FD} = {BE7FAA8A-714D-4B4D-8CAF-6AF99ADB6FC4}
		{8C656BAF-AD10-4F72-B997-1E0542DC59D2} = {BE7FAA8A-714D-4B4D-8CAF-6AF99ADB6FC4}
		{A31C7A83-3ABE-4802-A9AE-90A3261FE3A8} = {BE7FAA8A-714D-4B4D-8CAF-6AF99ADB6FC4}
		{A534E210-46D3-478F-8316-82C9019FEEE1} = {BE7FAA8A-714D-4B4D-8CAF-6AF99ADB6FC4}
		{2945B43A-7FD6-4BA4-8131-B572AAAA16E1} = {BE7FAA8A-714D-4B4D-8CAF-6AF99ADB6FC4}
	EndGlobalSection
	GlobalSection(SolutionConfigurationPlatforms) = preSolution
		Debug|Any CPU = Debug|Any CPU
		Release|Any CPU = Release|Any CPU
	EndGlobalSection
	GlobalSection(ProjectConfigurationPlatforms) = postSolution
		{2D482573-DB93-4217-AAB8-7241306FBEF9}.Debug|Any CPU.ActiveCfg = Debug|Any CPU
		{2D482573-DB93-4217-AAB8-7241306FBEF9}.Debug|Any CPU.Build.0 = Debug|Any CPU
		{2D482573-DB93-4217-AAB8-7241306FBEF9}.Release|Any CPU.ActiveCfg = Release|Any CPU
		{2D482573-DB93-4217-AAB8-7241306FBEF9}.Release|Any CPU.Build.0 = Release|Any CPU
		{B9CF8BCD-DE2F-4E35-88F4-4EBF1FBF862A}.Debug|Any CPU.ActiveCfg = Debug|Any CPU
		{B9CF8BCD-DE2F-4E35-88F4-4EBF1FBF862A}.Debug|Any CPU.Build.0 = Debug|Any CPU
		{B9CF8BCD-DE2F-4E35-88F4-4EBF1FBF862A}.Release|Any CPU.ActiveCfg = Release|Any CPU
		{B9CF8BCD-DE2F-4E35-88F4-4EBF1FBF862A}.Release|Any CPU.Build.0 = Release|Any CPU
		{6082ABCF-3339-450A-9963-0F691BD23307}.Debug|Any CPU.ActiveCfg = Debug|Any CPU
		{6082ABCF-3339-450A-9963-0F691BD23307}.Debug|Any CPU.Build.0 = Debug|Any CPU
		{6082ABCF-3339-450A-9963-0F691BD23307}.Release|Any CPU.ActiveCfg = Release|Any CPU
		{6082ABCF-3339-450A-9963-0F691BD23307}.Release|Any CPU.Build.0 = Release|Any CPU
		{6AE80D63-F7A3-4C7B-9D74-0224960D115D}.Debug|Any CPU.ActiveCfg = Debug|Any CPU
		{6AE80D63-F7A3-4C7B-9D74-0224960D115D}.Debug|Any CPU.Build.0 = Debug|Any CPU
		{6AE80D63-F7A3-4C7B-9D74-0224960D115D}.Release|Any CPU.ActiveCfg = Release|Any CPU
		{6AE80D63-F7A3-4C7B-9D74-0224960D115D}.Release|Any CPU.Build.0 = Release|Any CPU
		{920FE236-9787-4B6A-A469-9DD129C01C1F}.Debug|Any CPU.ActiveCfg = Debug|Any CPU
		{920FE236-9787-4B6A-A469-9DD129C01C1F}.Debug|Any CPU.Build.0 = Debug|Any CPU
		{920FE236-9787-4B6A-A469-9DD129C01C1F}.Release|Any CPU.ActiveCfg = Release|Any CPU
		{920FE236-9787-4B6A-A469-9DD129C01C1F}.Release|Any CPU.Build.0 = Release|Any CPU
		{E80AD679-5676-4022-A5D1-35765F1C24DB}.Debug|Any CPU.ActiveCfg = Debug|Any CPU
		{E80AD679-5676-4022-A5D1-35765F1C24DB}.Debug|Any CPU.Build.0 = Debug|Any CPU
		{E80AD679-5676-4022-A5D1-35765F1C24DB}.Release|Any CPU.ActiveCfg = Release|Any CPU
		{E80AD679-5676-4022-A5D1-35765F1C24DB}.Release|Any CPU.Build.0 = Release|Any CPU
		{5369EBD7-58B6-434D-9140-5D9231E0E822}.Debug|Any CPU.ActiveCfg = Debug|Any CPU
		{5369EBD7-58B6-434D-9140-5D9231E0E822}.Debug|Any CPU.Build.0 = Debug|Any CPU
		{5369EBD7-58B6-434D-9140-5D9231E0E822}.Release|Any CPU.ActiveCfg = Release|Any CPU
		{5369EBD7-58B6-434D-9140-5D9231E0E822}.Release|Any CPU.Build.0 = Release|Any CPU
		{6D2122FA-D533-4482-892F-F5D2F2DCB878}.Debug|Any CPU.ActiveCfg = Debug|Any CPU
		{6D2122FA-D533-4482-892F-F5D2F2DCB878}.Debug|Any CPU.Build.0 = Debug|Any CPU
		{6D2122FA-D533-4482-892F-F5D2F2DCB878}.Release|Any CPU.ActiveCfg = Release|Any CPU
		{6D2122FA-D533-4482-892F-F5D2F2DCB878}.Release|Any CPU.Build.0 = Release|Any CPU
		{720E775D-B62A-41DF-B174-9F68462B482A}.Debug|Any CPU.ActiveCfg = Debug|Any CPU
		{720E775D-B62A-41DF-B174-9F68462B482A}.Debug|Any CPU.Build.0 = Debug|Any CPU
		{720E775D-B62A-41DF-B174-9F68462B482A}.Release|Any CPU.ActiveCfg = Release|Any CPU
		{720E775D-B62A-41DF-B174-9F68462B482A}.Release|Any CPU.Build.0 = Release|Any CPU
		{84F4C6CD-1716-43C7-9146-CB24F6898207}.Debug|Any CPU.ActiveCfg = Debug|Any CPU
		{84F4C6CD-1716-43C7-9146-CB24F6898207}.Debug|Any CPU.Build.0 = Debug|Any CPU
		{84F4C6CD-1716-43C7-9146-CB24F6898207}.Release|Any CPU.ActiveCfg = Release|Any CPU
		{84F4C6CD-1716-43C7-9146-CB24F6898207}.Release|Any CPU.Build.0 = Release|Any CPU
		{D7F289D1-94A8-4C76-92EC-773F8856D985}.Debug|Any CPU.ActiveCfg = Debug|Any CPU
		{D7F289D1-94A8-4C76-92EC-773F8856D985}.Debug|Any CPU.Build.0 = Debug|Any CPU
		{D7F289D1-94A8-4C76-92EC-773F8856D985}.Release|Any CPU.ActiveCfg = Release|Any CPU
		{D7F289D1-94A8-4C76-92EC-773F8856D985}.Release|Any CPU.Build.0 = Release|Any CPU
		{9859B453-9FC4-4903-B354-37CD91F4A04B}.Debug|Any CPU.ActiveCfg = Debug|Any CPU
		{9859B453-9FC4-4903-B354-37CD91F4A04B}.Debug|Any CPU.Build.0 = Debug|Any CPU
		{9859B453-9FC4-4903-B354-37CD91F4A04B}.Release|Any CPU.ActiveCfg = Release|Any CPU
		{9859B453-9FC4-4903-B354-37CD91F4A04B}.Release|Any CPU.Build.0 = Release|Any CPU
		{675D99DD-69C6-493F-9C46-BB2B64EF4809}.Debug|Any CPU.ActiveCfg = Debug|Any CPU
		{675D99DD-69C6-493F-9C46-BB2B64EF4809}.Debug|Any CPU.Build.0 = Debug|Any CPU
		{675D99DD-69C6-493F-9C46-BB2B64EF4809}.Release|Any CPU.ActiveCfg = Release|Any CPU
		{675D99DD-69C6-493F-9C46-BB2B64EF4809}.Release|Any CPU.Build.0 = Release|Any CPU
		{32CDEFA8-1D1A-4726-9F8D-A358F488DB02}.Debug|Any CPU.ActiveCfg = Debug|Any CPU
		{32CDEFA8-1D1A-4726-9F8D-A358F488DB02}.Debug|Any CPU.Build.0 = Debug|Any CPU
		{32CDEFA8-1D1A-4726-9F8D-A358F488DB02}.Release|Any CPU.ActiveCfg = Release|Any CPU
		{32CDEFA8-1D1A-4726-9F8D-A358F488DB02}.Release|Any CPU.Build.0 = Release|Any CPU
		{930B71F9-3DE1-489E-BCEC-A4FB0D5684F0}.Debug|Any CPU.ActiveCfg = Debug|Any CPU
		{930B71F9-3DE1-489E-BCEC-A4FB0D5684F0}.Debug|Any CPU.Build.0 = Debug|Any CPU
		{930B71F9-3DE1-489E-BCEC-A4FB0D5684F0}.Release|Any CPU.ActiveCfg = Release|Any CPU
		{930B71F9-3DE1-489E-BCEC-A4FB0D5684F0}.Release|Any CPU.Build.0 = Release|Any CPU
		{8E1C53D9-9FF6-42EE-B7E3-01F432734B81}.Debug|Any CPU.ActiveCfg = Debug|Any CPU
		{8E1C53D9-9FF6-42EE-B7E3-01F432734B81}.Debug|Any CPU.Build.0 = Debug|Any CPU
		{8E1C53D9-9FF6-42EE-B7E3-01F432734B81}.Release|Any CPU.ActiveCfg = Release|Any CPU
		{8E1C53D9-9FF6-42EE-B7E3-01F432734B81}.Release|Any CPU.Build.0 = Release|Any CPU
		{909E5D9D-B9B7-4112-957B-EBCBA3675343}.Debug|Any CPU.ActiveCfg = Debug|Any CPU
		{909E5D9D-B9B7-4112-957B-EBCBA3675343}.Debug|Any CPU.Build.0 = Debug|Any CPU
		{909E5D9D-B9B7-4112-957B-EBCBA3675343}.Release|Any CPU.ActiveCfg = Release|Any CPU
		{909E5D9D-B9B7-4112-957B-EBCBA3675343}.Release|Any CPU.Build.0 = Release|Any CPU
		{E78A2403-74A1-41D5-BF55-A4774F4DEF67}.Debug|Any CPU.ActiveCfg = Debug|Any CPU
		{E78A2403-74A1-41D5-BF55-A4774F4DEF67}.Debug|Any CPU.Build.0 = Debug|Any CPU
		{E78A2403-74A1-41D5-BF55-A4774F4DEF67}.Release|Any CPU.ActiveCfg = Release|Any CPU
		{E78A2403-74A1-41D5-BF55-A4774F4DEF67}.Release|Any CPU.Build.0 = Release|Any CPU
		{9E64EB90-043D-4523-B132-E83038AD60EF}.Debug|Any CPU.ActiveCfg = Debug|Any CPU
		{9E64EB90-043D-4523-B132-E83038AD60EF}.Debug|Any CPU.Build.0 = Debug|Any CPU
		{9E64EB90-043D-4523-B132-E83038AD60EF}.Release|Any CPU.ActiveCfg = Release|Any CPU
		{9E64EB90-043D-4523-B132-E83038AD60EF}.Release|Any CPU.Build.0 = Release|Any CPU
		{29970682-E69D-4A30-8F0C-747516177585}.Debug|Any CPU.ActiveCfg = Debug|Any CPU
		{29970682-E69D-4A30-8F0C-747516177585}.Debug|Any CPU.Build.0 = Debug|Any CPU
		{29970682-E69D-4A30-8F0C-747516177585}.Release|Any CPU.ActiveCfg = Release|Any CPU
		{29970682-E69D-4A30-8F0C-747516177585}.Release|Any CPU.Build.0 = Release|Any CPU
		{C16B94B6-0934-4D65-AF1C-7689B64B691F}.Debug|Any CPU.ActiveCfg = Debug|Any CPU
		{C16B94B6-0934-4D65-AF1C-7689B64B691F}.Debug|Any CPU.Build.0 = Debug|Any CPU
		{C16B94B6-0934-4D65-AF1C-7689B64B691F}.Release|Any CPU.ActiveCfg = Release|Any CPU
		{C16B94B6-0934-4D65-AF1C-7689B64B691F}.Release|Any CPU.Build.0 = Release|Any CPU
		{1C2E2E57-A72B-4739-AA0A-295A4B4427FD}.Debug|Any CPU.ActiveCfg = Debug|Any CPU
		{1C2E2E57-A72B-4739-AA0A-295A4B4427FD}.Debug|Any CPU.Build.0 = Debug|Any CPU
		{1C2E2E57-A72B-4739-AA0A-295A4B4427FD}.Release|Any CPU.ActiveCfg = Release|Any CPU
		{1C2E2E57-A72B-4739-AA0A-295A4B4427FD}.Release|Any CPU.Build.0 = Release|Any CPU
		{8C656BAF-AD10-4F72-B997-1E0542DC59D2}.Debug|Any CPU.ActiveCfg = Debug|Any CPU
		{8C656BAF-AD10-4F72-B997-1E0542DC59D2}.Debug|Any CPU.Build.0 = Debug|Any CPU
		{8C656BAF-AD10-4F72-B997-1E0542DC59D2}.Release|Any CPU.ActiveCfg = Release|Any CPU
		{8C656BAF-AD10-4F72-B997-1E0542DC59D2}.Release|Any CPU.Build.0 = Release|Any CPU
		{A31C7A83-3ABE-4802-A9AE-90A3261FE3A8}.Debug|Any CPU.ActiveCfg = Debug|Any CPU
		{A31C7A83-3ABE-4802-A9AE-90A3261FE3A8}.Debug|Any CPU.Build.0 = Debug|Any CPU
		{A31C7A83-3ABE-4802-A9AE-90A3261FE3A8}.Release|Any CPU.ActiveCfg = Release|Any CPU
		{A31C7A83-3ABE-4802-A9AE-90A3261FE3A8}.Release|Any CPU.Build.0 = Release|Any CPU
		{A534E210-46D3-478F-8316-82C9019FEEE1}.Debug|Any CPU.ActiveCfg = Debug|Any CPU
		{A534E210-46D3-478F-8316-82C9019FEEE1}.Debug|Any CPU.Build.0 = Debug|Any CPU
		{A534E210-46D3-478F-8316-82C9019FEEE1}.Release|Any CPU.ActiveCfg = Release|Any CPU
		{A534E210-46D3-478F-8316-82C9019FEEE1}.Release|Any CPU.Build.0 = Release|Any CPU
		{2945B43A-7FD6-4BA4-8131-B572AAAA16E1}.Debug|Any CPU.ActiveCfg = Debug|Any CPU
		{2945B43A-7FD6-4BA4-8131-B572AAAA16E1}.Debug|Any CPU.Build.0 = Debug|Any CPU
		{2945B43A-7FD6-4BA4-8131-B572AAAA16E1}.Release|Any CPU.ActiveCfg = Release|Any CPU
		{2945B43A-7FD6-4BA4-8131-B572AAAA16E1}.Release|Any CPU.Build.0 = Release|Any CPU
	EndGlobalSection
	GlobalSection(SolutionProperties) = preSolution
		HideSolutionNode = FALSE
	EndGlobalSection
	GlobalSection(ExtensibilityGlobals) = postSolution
		SolutionGuid = {3D9892D5-15EB-4B22-AE89-96C4B5729A69}
	EndGlobalSection
EndGlobal
